
Microsoft Visual Studio Solution File, Format Version 12.00
# Visual Studio 15
VisualStudioVersion = 15.0.33529.398
MinimumVisualStudioVersion = 10.0.40219.1
Project("{FAE04EC0-301F-11D3-BF4B-00C04F79EFBC}") = "PEProtocol", "PEProtocol\PEProtocol.csproj", "{B77AEBA3-EE23-4424-8FCD-4E65B1FAD0EA}"
EndProject
Project("{FAE04EC0-301F-11D3-BF4B-00C04F79EFBC}") = "Server", "Server\Server.csproj", "{C288EE61-7003-4672-BE4E-210F0498EF1B}"
EndProject
Global
	GlobalSection(SolutionConfigurationPlatforms) = preSolution
		Debug|Any CPU = Debug|Any CPU
		Release|Any CPU = Release|Any CPU
	EndGlobalSection
	GlobalSection(ProjectConfigurationPlatforms) = postSolution
		{B77AEBA3-EE23-4424-8FCD-4E65B1FAD0EA}.Debug|Any CPU.ActiveCfg = Debug|Any CPU
		{B77AEBA3-EE23-4424-8FCD-4E65B1FAD0EA}.Debug|Any CPU.Build.0 = Debug|Any CPU
		{B77AEBA3-EE23-4424-8FCD-4E65B1FAD0EA}.Release|Any CPU.ActiveCfg = Release|Any CPU
		{B77AEBA3-EE23-4424-8FCD-4E65B1FAD0EA}.Release|Any CPU.Build.0 = Release|Any CPU
		{C288EE61-7003-4672-BE4E-210F0498EF1B}.Debug|Any CPU.ActiveCfg = Debug|Any CPU
		{C288EE61-7003-4672-BE4E-210F0498EF1B}.Debug|Any CPU.Build.0 = Debug|Any CPU
		{C288EE61-7003-4672-BE4E-210F0498EF1B}.Release|Any CPU.ActiveCfg = Release|Any CPU
		{C288EE61-7003-4672-BE4E-210F0498EF1B}.Release|Any CPU.Build.0 = Release|Any CPU
	EndGlobalSection
	GlobalSection(SolutionProperties) = preSolution
		HideSolutionNode = FALSE
	EndGlobalSection
	GlobalSection(ExtensibilityGlobals) = postSolution
		SolutionGuid = {E898D75E-10FD-4923-8B62-EA12C329A445}
	EndGlobalSection
EndGlobal
